// !$*UTF8*$!
{
	archiveVersion = 1;
	classes = {
	};
	objectVersion = 56;
	objects = {

/* Begin PBXBuildFile section */
		82A894AE2992EF8900BBE1E8 /* RapPostsApp.swift in Sources */ = {isa = PBXBuildFile; fileRef = 82A894AD2992EF8900BBE1E8 /* RapPostsApp.swift */; };
		82A894B02992EF8900BBE1E8 /* ContentView.swift in Sources */ = {isa = PBXBuildFile; fileRef = 82A894AF2992EF8900BBE1E8 /* ContentView.swift */; };
		82A894B22992EF8A00BBE1E8 /* Assets.xcassets in Resources */ = {isa = PBXBuildFile; fileRef = 82A894B12992EF8A00BBE1E8 /* Assets.xcassets */; };
		82A894B62992EF8A00BBE1E8 /* Preview Assets.xcassets in Resources */ = {isa = PBXBuildFile; fileRef = 82A894B52992EF8A00BBE1E8 /* Preview Assets.xcassets */; };
		82A894C02992EF8A00BBE1E8 /* RapPostsTests.swift in Sources */ = {isa = PBXBuildFile; fileRef = 82A894BF2992EF8A00BBE1E8 /* RapPostsTests.swift */; };
		82A894CA2992EF8A00BBE1E8 /* RapPostsUITests.swift in Sources */ = {isa = PBXBuildFile; fileRef = 82A894C92992EF8A00BBE1E8 /* RapPostsUITests.swift */; };
		82A894CC2992EF8A00BBE1E8 /* RapPostsUITestsLaunchTests.swift in Sources */ = {isa = PBXBuildFile; fileRef = 82A894CB2992EF8A00BBE1E8 /* RapPostsUITestsLaunchTests.swift */; };
		82A894DA2992F04200BBE1E8 /* HomeTab.swift in Sources */ = {isa = PBXBuildFile; fileRef = 82A894D92992F04200BBE1E8 /* HomeTab.swift */; };
		82A894DC2992F15600BBE1E8 /* PostsRepository.swift in Sources */ = {isa = PBXBuildFile; fileRef = 82A894DB2992F15600BBE1E8 /* PostsRepository.swift */; };
		82A894DE2992F19000BBE1E8 /* FavouritesTab.swift in Sources */ = {isa = PBXBuildFile; fileRef = 82A894DD2992F19000BBE1E8 /* FavouritesTab.swift */; };
		82FF06802B1C24F1002972A8 /* Consts.swift in Sources */ = {isa = PBXBuildFile; fileRef = 82FF067F2B1C24F1002972A8 /* Consts.swift */; };
		82FF06832B1C25E3002972A8 /* NewsResponse.swift in Sources */ = {isa = PBXBuildFile; fileRef = 82FF06822B1C25E3002972A8 /* NewsResponse.swift */; };
/* End PBXBuildFile section */

/* Begin PBXContainerItemProxy section */
		82A894BC2992EF8A00BBE1E8 /* PBXContainerItemProxy */ = {
			isa = PBXContainerItemProxy;
			containerPortal = 82A894A22992EF8800BBE1E8 /* Project object */;
			proxyType = 1;
			remoteGlobalIDString = 82A894A92992EF8900BBE1E8;
			remoteInfo = RapPosts;
		};
		82A894C62992EF8A00BBE1E8 /* PBXContainerItemProxy */ = {
			isa = PBXContainerItemProxy;
			containerPortal = 82A894A22992EF8800BBE1E8 /* Project object */;
			proxyType = 1;
			remoteGlobalIDString = 82A894A92992EF8900BBE1E8;
			remoteInfo = RapPosts;
		};
/* End PBXContainerItemProxy section */

/* Begin PBXFileReference section */
		82A894AA2992EF8900BBE1E8 /* RapPosts.app */ = {isa = PBXFileReference; explicitFileType = wrapper.application; includeInIndex = 0; path = RapPosts.app; sourceTree = BUILT_PRODUCTS_DIR; };
		82A894AD2992EF8900BBE1E8 /* RapPostsApp.swift */ = {isa = PBXFileReference; lastKnownFileType = sourcecode.swift; path = RapPostsApp.swift; sourceTree = "<group>"; };
		82A894AF2992EF8900BBE1E8 /* ContentView.swift */ = {isa = PBXFileReference; lastKnownFileType = sourcecode.swift; path = ContentView.swift; sourceTree = "<group>"; };
		82A894B12992EF8A00BBE1E8 /* Assets.xcassets */ = {isa = PBXFileReference; lastKnownFileType = folder.assetcatalog; path = Assets.xcassets; sourceTree = "<group>"; };
		82A894B32992EF8A00BBE1E8 /* RapPosts.entitlements */ = {isa = PBXFileReference; lastKnownFileType = text.plist.entitlements; path = RapPosts.entitlements; sourceTree = "<group>"; };
		82A894B52992EF8A00BBE1E8 /* Preview Assets.xcassets */ = {isa = PBXFileReference; lastKnownFileType = folder.assetcatalog; path = "Preview Assets.xcassets"; sourceTree = "<group>"; };
		82A894BB2992EF8A00BBE1E8 /* RapPostsTests.xctest */ = {isa = PBXFileReference; explicitFileType = wrapper.cfbundle; includeInIndex = 0; path = RapPostsTests.xctest; sourceTree = BUILT_PRODUCTS_DIR; };
		82A894BF2992EF8A00BBE1E8 /* RapPostsTests.swift */ = {isa = PBXFileReference; lastKnownFileType = sourcecode.swift; path = RapPostsTests.swift; sourceTree = "<group>"; };
		82A894C52992EF8A00BBE1E8 /* RapPostsUITests.xctest */ = {isa = PBXFileReference; explicitFileType = wrapper.cfbundle; includeInIndex = 0; path = RapPostsUITests.xctest; sourceTree = BUILT_PRODUCTS_DIR; };
		82A894C92992EF8A00BBE1E8 /* RapPostsUITests.swift */ = {isa = PBXFileReference; lastKnownFileType = sourcecode.swift; path = RapPostsUITests.swift; sourceTree = "<group>"; };
		82A894CB2992EF8A00BBE1E8 /* RapPostsUITestsLaunchTests.swift */ = {isa = PBXFileReference; lastKnownFileType = sourcecode.swift; path = RapPostsUITestsLaunchTests.swift; sourceTree = "<group>"; };
		82A894D92992F04200BBE1E8 /* HomeTab.swift */ = {isa = PBXFileReference; lastKnownFileType = sourcecode.swift; path = HomeTab.swift; sourceTree = "<group>"; };
		82A894DB2992F15600BBE1E8 /* PostsRepository.swift */ = {isa = PBXFileReference; lastKnownFileType = sourcecode.swift; path = PostsRepository.swift; sourceTree = "<group>"; };
		82A894DD2992F19000BBE1E8 /* FavouritesTab.swift */ = {isa = PBXFileReference; lastKnownFileType = sourcecode.swift; path = FavouritesTab.swift; sourceTree = "<group>"; };
		82FF067F2B1C24F1002972A8 /* Consts.swift */ = {isa = PBXFileReference; lastKnownFileType = sourcecode.swift; path = Consts.swift; sourceTree = "<group>"; };
		82FF06822B1C25E3002972A8 /* NewsResponse.swift */ = {isa = PBXFileReference; lastKnownFileType = sourcecode.swift; path = NewsResponse.swift; sourceTree = "<group>"; };
/* End PBXFileReference section */

/* Begin PBXFrameworksBuildPhase section */
		82A894A72992EF8900BBE1E8 /* Frameworks */ = {
			isa = PBXFrameworksBuildPhase;
			buildActionMask = 2147483647;
			files = (
			);
			runOnlyForDeploymentPostprocessing = 0;
		};
		82A894B82992EF8A00BBE1E8 /* Frameworks */ = {
			isa = PBXFrameworksBuildPhase;
			buildActionMask = 2147483647;
			files = (
			);
			runOnlyForDeploymentPostprocessing = 0;
		};
		82A894C22992EF8A00BBE1E8 /* Frameworks */ = {
			isa = PBXFrameworksBuildPhase;
			buildActionMask = 2147483647;
			files = (
			);
			runOnlyForDeploymentPostprocessing = 0;
		};
/* End PBXFrameworksBuildPhase section */

/* Begin PBXGroup section */
		82A894A12992EF8800BBE1E8 = {
			isa = PBXGroup;
			children = (
				82A894AC2992EF8900BBE1E8 /* RapPosts */,
				82A894BE2992EF8A00BBE1E8 /* RapPostsTests */,
				82A894C82992EF8A00BBE1E8 /* RapPostsUITests */,
				82A894AB2992EF8900BBE1E8 /* Products */,
			);
			sourceTree = "<group>";
		};
		82A894AB2992EF8900BBE1E8 /* Products */ = {
			isa = PBXGroup;
			children = (
				82A894AA2992EF8900BBE1E8 /* RapPosts.app */,
				82A894BB2992EF8A00BBE1E8 /* RapPostsTests.xctest */,
				82A894C52992EF8A00BBE1E8 /* RapPostsUITests.xctest */,
			);
			name = Products;
			sourceTree = "<group>";
		};
		82A894AC2992EF8900BBE1E8 /* RapPosts */ = {
			isa = PBXGroup;
			children = (
				82FF067C2B1C2417002972A8 /* data */,
				82A894D82992F03300BBE1E8 /* ui */,
				82A894AD2992EF8900BBE1E8 /* RapPostsApp.swift */,
				82A894B12992EF8A00BBE1E8 /* Assets.xcassets */,
				82A894B32992EF8A00BBE1E8 /* RapPosts.entitlements */,
				82A894B42992EF8A00BBE1E8 /* Preview Content */,
			);
			path = RapPosts;
			sourceTree = "<group>";
		};
		82A894B42992EF8A00BBE1E8 /* Preview Content */ = {
			isa = PBXGroup;
			children = (
				82A894B52992EF8A00BBE1E8 /* Preview Assets.xcassets */,
			);
			path = "Preview Content";
			sourceTree = "<group>";
		};
		82A894BE2992EF8A00BBE1E8 /* RapPostsTests */ = {
			isa = PBXGroup;
			children = (
				82A894BF2992EF8A00BBE1E8 /* RapPostsTests.swift */,
			);
			path = RapPostsTests;
			sourceTree = "<group>";
		};
		82A894C82992EF8A00BBE1E8 /* RapPostsUITests */ = {
			isa = PBXGroup;
			children = (
				82A894C92992EF8A00BBE1E8 /* RapPostsUITests.swift */,
				82A894CB2992EF8A00BBE1E8 /* RapPostsUITestsLaunchTests.swift */,
			);
			path = RapPostsUITests;
			sourceTree = "<group>";
		};
		82A894D82992F03300BBE1E8 /* ui */ = {
			isa = PBXGroup;
			children = (
				82A894AF2992EF8900BBE1E8 /* ContentView.swift */,
				82A894D92992F04200BBE1E8 /* HomeTab.swift */,
				82A894DD2992F19000BBE1E8 /* FavouritesTab.swift */,
			);
			path = ui;
			sourceTree = "<group>";
		};
		82FF067C2B1C2417002972A8 /* data */ = {
			isa = PBXGroup;
			children = (
				82FF06812B1C25D5002972A8 /* model */,
				82FF067E2B1C24DC002972A8 /* repository */,
				82FF067D2B1C24D0002972A8 /* util */,
			);
			path = data;
			sourceTree = "<group>";
		};
		82FF067D2B1C24D0002972A8 /* util */ = {
			isa = PBXGroup;
			children = (
				82FF067F2B1C24F1002972A8 /* Consts.swift */,
			);
			path = util;
			sourceTree = "<group>";
		};
		82FF067E2B1C24DC002972A8 /* repository */ = {
			isa = PBXGroup;
			children = (
				82A894DB2992F15600BBE1E8 /* PostsRepository.swift */,
			);
			path = repository;
			sourceTree = "<group>";
		};
		82FF06812B1C25D5002972A8 /* model */ = {
			isa = PBXGroup;
			children = (
				82FF06822B1C25E3002972A8 /* NewsResponse.swift */,
			);
			path = model;
			sourceTree = "<group>";
		};
/* End PBXGroup section */

/* Begin PBXNativeTarget section */
		82A894A92992EF8900BBE1E8 /* RapPosts */ = {
			isa = PBXNativeTarget;
			buildConfigurationList = 82A894CF2992EF8A00BBE1E8 /* Build configuration list for PBXNativeTarget "RapPosts" */;
			buildPhases = (
				82A894A62992EF8900BBE1E8 /* Sources */,
				82A894A72992EF8900BBE1E8 /* Frameworks */,
				82A894A82992EF8900BBE1E8 /* Resources */,
			);
			buildRules = (
			);
			dependencies = (
			);
			name = RapPosts;
			productName = RapPosts;
			productReference = 82A894AA2992EF8900BBE1E8 /* RapPosts.app */;
			productType = "com.apple.product-type.application";
		};
		82A894BA2992EF8A00BBE1E8 /* RapPostsTests */ = {
			isa = PBXNativeTarget;
			buildConfigurationList = 82A894D22992EF8A00BBE1E8 /* Build configuration list for PBXNativeTarget "RapPostsTests" */;
			buildPhases = (
				82A894B72992EF8A00BBE1E8 /* Sources */,
				82A894B82992EF8A00BBE1E8 /* Frameworks */,
				82A894B92992EF8A00BBE1E8 /* Resources */,
			);
			buildRules = (
			);
			dependencies = (
				82A894BD2992EF8A00BBE1E8 /* PBXTargetDependency */,
			);
			name = RapPostsTests;
			productName = RapPostsTests;
			productReference = 82A894BB2992EF8A00BBE1E8 /* RapPostsTests.xctest */;
			productType = "com.apple.product-type.bundle.unit-test";
		};
		82A894C42992EF8A00BBE1E8 /* RapPostsUITests */ = {
			isa = PBXNativeTarget;
			buildConfigurationList = 82A894D52992EF8A00BBE1E8 /* Build configuration list for PBXNativeTarget "RapPostsUITests" */;
			buildPhases = (
				82A894C12992EF8A00BBE1E8 /* Sources */,
				82A894C22992EF8A00BBE1E8 /* Frameworks */,
				82A894C32992EF8A00BBE1E8 /* Resources */,
			);
			buildRules = (
			);
			dependencies = (
				82A894C72992EF8A00BBE1E8 /* PBXTargetDependency */,
			);
			name = RapPostsUITests;
			productName = RapPostsUITests;
			productReference = 82A894C52992EF8A00BBE1E8 /* RapPostsUITests.xctest */;
			productType = "com.apple.product-type.bundle.ui-testing";
		};
/* End PBXNativeTarget section */

/* Begin PBXProject section */
		82A894A22992EF8800BBE1E8 /* Project object */ = {
			isa = PBXProject;
			attributes = {
				BuildIndependentTargetsInParallel = 1;
				LastSwiftUpdateCheck = 1420;
				LastUpgradeCheck = 1420;
				TargetAttributes = {
					82A894A92992EF8900BBE1E8 = {
						CreatedOnToolsVersion = 14.2;
					};
					82A894BA2992EF8A00BBE1E8 = {
						CreatedOnToolsVersion = 14.2;
						TestTargetID = 82A894A92992EF8900BBE1E8;
					};
					82A894C42992EF8A00BBE1E8 = {
						CreatedOnToolsVersion = 14.2;
						TestTargetID = 82A894A92992EF8900BBE1E8;
					};
				};
			};
			buildConfigurationList = 82A894A52992EF8800BBE1E8 /* Build configuration list for PBXProject "RapPosts" */;
			compatibilityVersion = "Xcode 14.0";
			developmentRegion = en;
			hasScannedForEncodings = 0;
			knownRegions = (
				en,
				Base,
			);
			mainGroup = 82A894A12992EF8800BBE1E8;
			productRefGroup = 82A894AB2992EF8900BBE1E8 /* Products */;
			projectDirPath = "";
			projectRoot = "";
			targets = (
				82A894A92992EF8900BBE1E8 /* RapPosts */,
				82A894BA2992EF8A00BBE1E8 /* RapPostsTests */,
				82A894C42992EF8A00BBE1E8 /* RapPostsUITests */,
			);
		};
/* End PBXProject section */

/* Begin PBXResourcesBuildPhase section */
		82A894A82992EF8900BBE1E8 /* Resources */ = {
			isa = PBXResourcesBuildPhase;
			buildActionMask = 2147483647;
			files = (
				82A894B62992EF8A00BBE1E8 /* Preview Assets.xcassets in Resources */,
				82A894B22992EF8A00BBE1E8 /* Assets.xcassets in Resources */,
			);
			runOnlyForDeploymentPostprocessing = 0;
		};
		82A894B92992EF8A00BBE1E8 /* Resources */ = {
			isa = PBXResourcesBuildPhase;
			buildActionMask = 2147483647;
			files = (
			);
			runOnlyForDeploymentPostprocessing = 0;
		};
		82A894C32992EF8A00BBE1E8 /* Resources */ = {
			isa = PBXResourcesBuildPhase;
			buildActionMask = 2147483647;
			files = (
			);
			runOnlyForDeploymentPostprocessing = 0;
		};
/* End PBXResourcesBuildPhase section */

/* Begin PBXSourcesBuildPhase section */
		82A894A62992EF8900BBE1E8 /* Sources */ = {
			isa = PBXSourcesBuildPhase;
			buildActionMask = 2147483647;
			files = (
				82A894DA2992F04200BBE1E8 /* HomeTab.swift in Sources */,
				82FF06802B1C24F1002972A8 /* Consts.swift in Sources */,
				82A894B02992EF8900BBE1E8 /* ContentView.swift in Sources */,
				82A894AE2992EF8900BBE1E8 /* RapPostsApp.swift in Sources */,
				82A894DC2992F15600BBE1E8 /* PostsRepository.swift in Sources */,
				82FF06832B1C25E3002972A8 /* NewsResponse.swift in Sources */,
				82A894DE2992F19000BBE1E8 /* FavouritesTab.swift in Sources */,
			);
			runOnlyForDeploymentPostprocessing = 0;
		};
		82A894B72992EF8A00BBE1E8 /* Sources */ = {
			isa = PBXSourcesBuildPhase;
			buildActionMask = 2147483647;
			files = (
				82A894C02992EF8A00BBE1E8 /* RapPostsTests.swift in Sources */,
			);
			runOnlyForDeploymentPostprocessing = 0;
		};
		82A894C12992EF8A00BBE1E8 /* Sources */ = {
			isa = PBXSourcesBuildPhase;
			buildActionMask = 2147483647;
			files = (
				82A894CC2992EF8A00BBE1E8 /* RapPostsUITestsLaunchTests.swift in Sources */,
				82A894CA2992EF8A00BBE1E8 /* RapPostsUITests.swift in Sources */,
			);
			runOnlyForDeploymentPostprocessing = 0;
		};
/* End PBXSourcesBuildPhase section */

/* Begin PBXTargetDependency section */
		82A894BD2992EF8A00BBE1E8 /* PBXTargetDependency */ = {
			isa = PBXTargetDependency;
			target = 82A894A92992EF8900BBE1E8 /* RapPosts */;
			targetProxy = 82A894BC2992EF8A00BBE1E8 /* PBXContainerItemProxy */;
		};
		82A894C72992EF8A00BBE1E8 /* PBXTargetDependency */ = {
			isa = PBXTargetDependency;
			target = 82A894A92992EF8900BBE1E8 /* RapPosts */;
			targetProxy = 82A894C62992EF8A00BBE1E8 /* PBXContainerItemProxy */;
		};
/* End PBXTargetDependency section */

/* Begin XCBuildConfiguration section */
		82A894CD2992EF8A00BBE1E8 /* Debug */ = {
			isa = XCBuildConfiguration;
			buildSettings = {
				ALWAYS_SEARCH_USER_PATHS = NO;
				CLANG_ANALYZER_NONNULL = YES;
				CLANG_ANALYZER_NUMBER_OBJECT_CONVERSION = YES_AGGRESSIVE;
				CLANG_CXX_LANGUAGE_STANDARD = "gnu++20";
				CLANG_ENABLE_MODULES = YES;
				CLANG_ENABLE_OBJC_ARC = YES;
				CLANG_ENABLE_OBJC_WEAK = YES;
				CLANG_WARN_BLOCK_CAPTURE_AUTORELEASING = YES;
				CLANG_WARN_BOOL_CONVERSION = YES;
				CLANG_WARN_COMMA = YES;
				CLANG_WARN_CONSTANT_CONVERSION = YES;
				CLANG_WARN_DEPRECATED_OBJC_IMPLEMENTATIONS = YES;
				CLANG_WARN_DIRECT_OBJC_ISA_USAGE = YES_ERROR;
				CLANG_WARN_DOCUMENTATION_COMMENTS = YES;
				CLANG_WARN_EMPTY_BODY = YES;
				CLANG_WARN_ENUM_CONVERSION = YES;
				CLANG_WARN_INFINITE_RECURSION = YES;
				CLANG_WARN_INT_CONVERSION = YES;
				CLANG_WARN_NON_LITERAL_NULL_CONVERSION = YES;
				CLANG_WARN_OBJC_IMPLICIT_RETAIN_SELF = YES;
				CLANG_WARN_OBJC_LITERAL_CONVERSION = YES;
				CLANG_WARN_OBJC_ROOT_CLASS = YES_ERROR;
				CLANG_WARN_QUOTED_INCLUDE_IN_FRAMEWORK_HEADER = YES;
				CLANG_WARN_RANGE_LOOP_ANALYSIS = YES;
				CLANG_WARN_STRICT_PROTOTYPES = YES;
				CLANG_WARN_SUSPICIOUS_MOVE = YES;
				CLANG_WARN_UNGUARDED_AVAILABILITY = YES_AGGRESSIVE;
				CLANG_WARN_UNREACHABLE_CODE = YES;
				CLANG_WARN__DUPLICATE_METHOD_MATCH = YES;
				COPY_PHASE_STRIP = NO;
				DEBUG_INFORMATION_FORMAT = dwarf;
				ENABLE_STRICT_OBJC_MSGSEND = YES;
				ENABLE_TESTABILITY = YES;
				GCC_C_LANGUAGE_STANDARD = gnu11;
				GCC_DYNAMIC_NO_PIC = NO;
				GCC_NO_COMMON_BLOCKS = YES;
				GCC_OPTIMIZATION_LEVEL = 0;
				GCC_PREPROCESSOR_DEFINITIONS = (
					"DEBUG=1",
					"$(inherited)",
				);
				GCC_WARN_64_TO_32_BIT_CONVERSION = YES;
				GCC_WARN_ABOUT_RETURN_TYPE = YES_ERROR;
				GCC_WARN_UNDECLARED_SELECTOR = YES;
				GCC_WARN_UNINITIALIZED_AUTOS = YES_AGGRESSIVE;
				GCC_WARN_UNUSED_FUNCTION = YES;
				GCC_WARN_UNUSED_VARIABLE = YES;
				MTL_ENABLE_DEBUG_INFO = INCLUDE_SOURCE;
				MTL_FAST_MATH = YES;
				ONLY_ACTIVE_ARCH = YES;
				SWIFT_ACTIVE_COMPILATION_CONDITIONS = DEBUG;
				SWIFT_OPTIMIZATION_LEVEL = "-Onone";
			};
			name = Debug;
		};
		82A894CE2992EF8A00BBE1E8 /* Release */ = {
			isa = XCBuildConfiguration;
			buildSettings = {
				ALWAYS_SEARCH_USER_PATHS = NO;
				CLANG_ANALYZER_NONNULL = YES;
				CLANG_ANALYZER_NUMBER_OBJECT_CONVERSION = YES_AGGRESSIVE;
				CLANG_CXX_LANGUAGE_STANDARD = "gnu++20";
				CLANG_ENABLE_MODULES = YES;
				CLANG_ENABLE_OBJC_ARC = YES;
				CLANG_ENABLE_OBJC_WEAK = YES;
				CLANG_WARN_BLOCK_CAPTURE_AUTORELEASING = YES;
				CLANG_WARN_BOOL_CONVERSION = YES;
				CLANG_WARN_COMMA = YES;
				CLANG_WARN_CONSTANT_CONVERSION = YES;
				CLANG_WARN_DEPRECATED_OBJC_IMPLEMENTATIONS = YES;
				CLANG_WARN_DIRECT_OBJC_ISA_USAGE = YES_ERROR;
				CLANG_WARN_DOCUMENTATION_COMMENTS = YES;
				CLANG_WARN_EMPTY_BODY = YES;
				CLANG_WARN_ENUM_CONVERSION = YES;
				CLANG_WARN_INFINITE_RECURSION = YES;
				CLANG_WARN_INT_CONVERSION = YES;
				CLANG_WARN_NON_LITERAL_NULL_CONVERSION = YES;
				CLANG_WARN_OBJC_IMPLICIT_RETAIN_SELF = YES;
				CLANG_WARN_OBJC_LITERAL_CONVERSION = YES;
				CLANG_WARN_OBJC_ROOT_CLASS = YES_ERROR;
				CLANG_WARN_QUOTED_INCLUDE_IN_FRAMEWORK_HEADER = YES;
				CLANG_WARN_RANGE_LOOP_ANALYSIS = YES;
				CLANG_WARN_STRICT_PROTOTYPES = YES;
				CLANG_WARN_SUSPICIOUS_MOVE = YES;
				CLANG_WARN_UNGUARDED_AVAILABILITY = YES_AGGRESSIVE;
				CLANG_WARN_UNREACHABLE_CODE = YES;
				CLANG_WARN__DUPLICATE_METHOD_MATCH = YES;
				COPY_PHASE_STRIP = NO;
				DEBUG_INFORMATION_FORMAT = "dwarf-with-dsym";
				ENABLE_NS_ASSERTIONS = NO;
				ENABLE_STRICT_OBJC_MSGSEND = YES;
				GCC_C_LANGUAGE_STANDARD = gnu11;
				GCC_NO_COMMON_BLOCKS = YES;
				GCC_WARN_64_TO_32_BIT_CONVERSION = YES;
				GCC_WARN_ABOUT_RETURN_TYPE = YES_ERROR;
				GCC_WARN_UNDECLARED_SELECTOR = YES;
				GCC_WARN_UNINITIALIZED_AUTOS = YES_AGGRESSIVE;
				GCC_WARN_UNUSED_FUNCTION = YES;
				GCC_WARN_UNUSED_VARIABLE = YES;
				MTL_ENABLE_DEBUG_INFO = NO;
				MTL_FAST_MATH = YES;
				SWIFT_COMPILATION_MODE = wholemodule;
				SWIFT_OPTIMIZATION_LEVEL = "-O";
			};
			name = Release;
		};
		82A894D02992EF8A00BBE1E8 /* Debug */ = {
			isa = XCBuildConfiguration;
			buildSettings = {
				ASSETCATALOG_COMPILER_APPICON_NAME = AppIcon;
				ASSETCATALOG_COMPILER_GLOBAL_ACCENT_COLOR_NAME = AccentColor;
				CODE_SIGN_ENTITLEMENTS = RapPosts/RapPosts.entitlements;
				CODE_SIGN_STYLE = Automatic;
				CURRENT_PROJECT_VERSION = 1;
				DEVELOPMENT_ASSET_PATHS = "\"RapPosts/Preview Content\"";
				ENABLE_PREVIEWS = YES;
				GENERATE_INFOPLIST_FILE = YES;
				"INFOPLIST_KEY_UIApplicationSceneManifest_Generation[sdk=iphoneos*]" = YES;
				"INFOPLIST_KEY_UIApplicationSceneManifest_Generation[sdk=iphonesimulator*]" = YES;
				"INFOPLIST_KEY_UIApplicationSupportsIndirectInputEvents[sdk=iphoneos*]" = YES;
				"INFOPLIST_KEY_UIApplicationSupportsIndirectInputEvents[sdk=iphonesimulator*]" = YES;
				"INFOPLIST_KEY_UILaunchScreen_Generation[sdk=iphoneos*]" = YES;
				"INFOPLIST_KEY_UILaunchScreen_Generation[sdk=iphonesimulator*]" = YES;
				"INFOPLIST_KEY_UIStatusBarStyle[sdk=iphoneos*]" = UIStatusBarStyleDefault;
				"INFOPLIST_KEY_UIStatusBarStyle[sdk=iphonesimulator*]" = UIStatusBarStyleDefault;
				INFOPLIST_KEY_UISupportedInterfaceOrientations_iPad = "UIInterfaceOrientationPortrait UIInterfaceOrientationPortraitUpsideDown UIInterfaceOrientationLandscapeLeft UIInterfaceOrientationLandscapeRight";
				INFOPLIST_KEY_UISupportedInterfaceOrientations_iPhone = "UIInterfaceOrientationPortrait UIInterfaceOrientationLandscapeLeft UIInterfaceOrientationLandscapeRight";
				IPHONEOS_DEPLOYMENT_TARGET = 16.2;
				LD_RUNPATH_SEARCH_PATHS = "@executable_path/Frameworks";
				"LD_RUNPATH_SEARCH_PATHS[sdk=macosx*]" = "@executable_path/../Frameworks";
				MACOSX_DEPLOYMENT_TARGET = 13.1;
				MARKETING_VERSION = 1.0;
				PRODUCT_BUNDLE_IDENTIFIER = com.client.rapposts.RapPosts;
				PRODUCT_NAME = "$(TARGET_NAME)";
				SDKROOT = auto;
				SUPPORTED_PLATFORMS = "iphoneos iphonesimulator macosx";
				SWIFT_EMIT_LOC_STRINGS = YES;
				SWIFT_VERSION = 5.0;
				TARGETED_DEVICE_FAMILY = "1,2";
			};
			name = Debug;
		};
		82A894D12992EF8A00BBE1E8 /* Release */ = {
			isa = XCBuildConfiguration;
			buildSettings = {
				ASSETCATALOG_COMPILER_APPICON_NAME = AppIcon;
				ASSETCATALOG_COMPILER_GLOBAL_ACCENT_COLOR_NAME = AccentColor;
				CODE_SIGN_ENTITLEMENTS = RapPosts/RapPosts.entitlements;
				CODE_SIGN_STYLE = Automatic;
				CURRENT_PROJECT_VERSION = 1;
				DEVELOPMENT_ASSET_PATHS = "\"RapPosts/Preview Content\"";
				ENABLE_PREVIEWS = YES;
				GENERATE_INFOPLIST_FILE = YES;
				"INFOPLIST_KEY_UIApplicationSceneManifest_Generation[sdk=iphoneos*]" = YES;
				"INFOPLIST_KEY_UIApplicationSceneManifest_Generation[sdk=iphonesimulator*]" = YES;
				"INFOPLIST_KEY_UIApplicationSupportsIndirectInputEvents[sdk=iphoneos*]" = YES;
				"INFOPLIST_KEY_UIApplicationSupportsIndirectInputEvents[sdk=iphonesimulator*]" = YES;
				"INFOPLIST_KEY_UILaunchScreen_Generation[sdk=iphoneos*]" = YES;
				"INFOPLIST_KEY_UILaunchScreen_Generation[sdk=iphonesimulator*]" = YES;
				"INFOPLIST_KEY_UIStatusBarStyle[sdk=iphoneos*]" = UIStatusBarStyleDefault;
				"INFOPLIST_KEY_UIStatusBarStyle[sdk=iphonesimulator*]" = UIStatusBarStyleDefault;
				INFOPLIST_KEY_UISupportedInterfaceOrientations_iPad = "UIInterfaceOrientationPortrait UIInterfaceOrientationPortraitUpsideDown UIInterfaceOrientationLandscapeLeft UIInterfaceOrientationLandscapeRight";
				INFOPLIST_KEY_UISupportedInterfaceOrientations_iPhone = "UIInterfaceOrientationPortrait UIInterfaceOrientationLandscapeLeft UIInterfaceOrientationLandscapeRight";
				IPHONEOS_DEPLOYMENT_TARGET = 16.2;
				LD_RUNPATH_SEARCH_PATHS = "@executable_path/Frameworks";
				"LD_RUNPATH_SEARCH_PATHS[sdk=macosx*]" = "@executable_path/../Frameworks";
				MACOSX_DEPLOYMENT_TARGET = 13.1;
				MARKETING_VERSION = 1.0;
				PRODUCT_BUNDLE_IDENTIFIER = com.client.rapposts.RapPosts;
				PRODUCT_NAME = "$(TARGET_NAME)";
				SDKROOT = auto;
				SUPPORTED_PLATFORMS = "iphoneos iphonesimulator macosx";
				SWIFT_EMIT_LOC_STRINGS = YES;
				SWIFT_VERSION = 5.0;
				TARGETED_DEVICE_FAMILY = "1,2";
			};
			name = Release;
		};
		82A894D32992EF8A00BBE1E8 /* Debug */ = {
			isa = XCBuildConfiguration;
			buildSettings = {
				ALWAYS_EMBED_SWIFT_STANDARD_LIBRARIES = YES;
				BUNDLE_LOADER = "$(TEST_HOST)";
				CODE_SIGN_STYLE = Automatic;
				CURRENT_PROJECT_VERSION = 1;
				GENERATE_INFOPLIST_FILE = YES;
				IPHONEOS_DEPLOYMENT_TARGET = 16.2;
				MACOSX_DEPLOYMENT_TARGET = 13.1;
				MARKETING_VERSION = 1.0;
				PRODUCT_BUNDLE_IDENTIFIER = com.client.rapposts.RapPostsTests;
				PRODUCT_NAME = "$(TARGET_NAME)";
				SDKROOT = auto;
				SUPPORTED_PLATFORMS = "iphoneos iphonesimulator macosx";
				SWIFT_EMIT_LOC_STRINGS = NO;
				SWIFT_VERSION = 5.0;
				TARGETED_DEVICE_FAMILY = "1,2";
				TEST_HOST = "$(BUILT_PRODUCTS_DIR)/RapPosts.app/$(BUNDLE_EXECUTABLE_FOLDER_PATH)/RapPosts";
			};
			name = Debug;
		};
		82A894D42992EF8A00BBE1E8 /* Release */ = {
			isa = XCBuildConfiguration;
			buildSettings = {
				ALWAYS_EMBED_SWIFT_STANDARD_LIBRARIES = YES;
				BUNDLE_LOADER = "$(TEST_HOST)";
				CODE_SIGN_STYLE = Automatic;
				CURRENT_PROJECT_VERSION = 1;
				GENERATE_INFOPLIST_FILE = YES;
				IPHONEOS_DEPLOYMENT_TARGET = 16.2;
				MACOSX_DEPLOYMENT_TARGET = 13.1;
				MARKETING_VERSION = 1.0;
				PRODUCT_BUNDLE_IDENTIFIER = com.client.rapposts.RapPostsTests;
				PRODUCT_NAME = "$(TARGET_NAME)";
				SDKROOT = auto;
				SUPPORTED_PLATFORMS = "iphoneos iphonesimulator macosx";
				SWIFT_EMIT_LOC_STRINGS = NO;
				SWIFT_VERSION = 5.0;
				TARGETED_DEVICE_FAMILY = "1,2";
				TEST_HOST = "$(BUILT_PRODUCTS_DIR)/RapPosts.app/$(BUNDLE_EXECUTABLE_FOLDER_PATH)/RapPosts";
			};
			name = Release;
		};
		82A894D62992EF8A00BBE1E8 /* Debug */ = {
			isa = XCBuildConfiguration;
			buildSettings = {
				ALWAYS_EMBED_SWIFT_STANDARD_LIBRARIES = YES;
				CODE_SIGN_STYLE = Automatic;
				CURRENT_PROJECT_VERSION = 1;
				GENERATE_INFOPLIST_FILE = YES;
				IPHONEOS_DEPLOYMENT_TARGET = 16.2;
				MACOSX_DEPLOYMENT_TARGET = 13.1;
				MARKETING_VERSION = 1.0;
				PRODUCT_BUNDLE_IDENTIFIER = com.client.rapposts.RapPostsUITests;
				PRODUCT_NAME = "$(TARGET_NAME)";
				SDKROOT = auto;
				SUPPORTED_PLATFORMS = "iphoneos iphonesimulator macosx";
				SWIFT_EMIT_LOC_STRINGS = NO;
				SWIFT_VERSION = 5.0;
				TARGETED_DEVICE_FAMILY = "1,2";
				TEST_TARGET_NAME = RapPosts;
			};
			name = Debug;
		};
		82A894D72992EF8A00BBE1E8 /* Release */ = {
			isa = XCBuildConfiguration;
			buildSettings = {
				ALWAYS_EMBED_SWIFT_STANDARD_LIBRARIES = YES;
				CODE_SIGN_STYLE = Automatic;
				CURRENT_PROJECT_VERSION = 1;
				GENERATE_INFOPLIST_FILE = YES;
				IPHONEOS_DEPLOYMENT_TARGET = 16.2;
				MACOSX_DEPLOYMENT_TARGET = 13.1;
				MARKETING_VERSION = 1.0;
				PRODUCT_BUNDLE_IDENTIFIER = com.client.rapposts.RapPostsUITests;
				PRODUCT_NAME = "$(TARGET_NAME)";
				SDKROOT = auto;
				SUPPORTED_PLATFORMS = "iphoneos iphonesimulator macosx";
				SWIFT_EMIT_LOC_STRINGS = NO;
				SWIFT_VERSION = 5.0;
				TARGETED_DEVICE_FAMILY = "1,2";
				TEST_TARGET_NAME = RapPosts;
			};
			name = Release;
		};
/* End XCBuildConfiguration section */

/* Begin XCConfigurationList section */
		82A894A52992EF8800BBE1E8 /* Build configuration list for PBXProject "RapPosts" */ = {
			isa = XCConfigurationList;
			buildConfigurations = (
				82A894CD2992EF8A00BBE1E8 /* Debug */,
				82A894CE2992EF8A00BBE1E8 /* Release */,
			);
			defaultConfigurationIsVisible = 0;
			defaultConfigurationName = Release;
		};
		82A894CF2992EF8A00BBE1E8 /* Build configuration list for PBXNativeTarget "RapPosts" */ = {
			isa = XCConfigurationList;
			buildConfigurations = (
				82A894D02992EF8A00BBE1E8 /* Debug */,
				82A894D12992EF8A00BBE1E8 /* Release */,
			);
			defaultConfigurationIsVisible = 0;
			defaultConfigurationName = Release;
		};
		82A894D22992EF8A00BBE1E8 /* Build configuration list for PBXNativeTarget "RapPostsTests" */ = {
			isa = XCConfigurationList;
			buildConfigurations = (
				82A894D32992EF8A00BBE1E8 /* Debug */,
				82A894D42992EF8A00BBE1E8 /* Release */,
			);
			defaultConfigurationIsVisible = 0;
			defaultConfigurationName = Release;
		};
		82A894D52992EF8A00BBE1E8 /* Build configuration list for PBXNativeTarget "RapPostsUITests" */ = {
			isa = XCConfigurationList;
			buildConfigurations = (
				82A894D62992EF8A00BBE1E8 /* Debug */,
				82A894D72992EF8A00BBE1E8 /* Release */,
			);
			defaultConfigurationIsVisible = 0;
			defaultConfigurationName = Release;
		};
/* End XCConfigurationList section */
	};
	rootObject = 82A894A22992EF8800BBE1E8 /* Project object */;
}
